
Microsoft Visual Studio Solution File, Format Version 12.00
# Visual Studio Version 16
VisualStudioVersion = 16.0.30011.22
MinimumVisualStudioVersion = 10.0.40219.1
Project("{8BC9CEB8-8B4A-11D0-8D11-00A0C91BC942}") = "SERVER", "SERVER\SERVER.vcxproj", "{183750B7-FEAD-4B58-8FD2-E0F0358DF019}"
EndProject
Global
	GlobalSection(SolutionConfigurationPlatforms) = preSolution
		Debug|x64 = Debug|x64
		Debug|x86 = Debug|x86
		Release|x64 = Release|x64
		Release|x86 = Release|x86
	EndGlobalSection
	GlobalSection(ProjectConfigurationPlatforms) = postSolution
		{183750B7-FEAD-4B58-8FD2-E0F0358DF019}.Debug|x64.ActiveCfg = Debug|x64
		{183750B7-FEAD-4B58-8FD2-E0F0358DF019}.Debug|x64.Build.0 = Debug|x64
		{183750B7-FEAD-4B58-8FD2-E0F0358DF019}.Debug|x86.ActiveCfg = Debug|Win32
		{183750B7-FEAD-4B58-8FD2-E0F0358DF019}.Debug|x86.Build.0 = Debug|Win32
		{183750B7-FEAD-4B58-8FD2-E0F0358DF019}.Release|x64.ActiveCfg = Release|x64
		{183750B7-FEAD-4B58-8FD2-E0F0358DF019}.Release|x64.Build.0 = Release|x64
		{183750B7-FEAD-4B58-8FD2-E0F0358DF019}.Release|x86.ActiveCfg = Release|Win32
		{183750B7-FEAD-4B58-8FD2-E0F0358DF019}.Release|x86.Build.0 = Release|Win32
	EndGlobalSection
	GlobalSection(SolutionProperties) = preSolution
		HideSolutionNode = FALSE
	EndGlobalSection
	GlobalSection(ExtensibilityGlobals) = postSolution
		SolutionGuid = {3A99760C-28AD-422C-B0D1-F6BF22200925}
	EndGlobalSection
EndGlobal
